// !$*UTF8*$!
{
	archiveVersion = 1;
	classes = {
	};
	objectVersion = 46;
	objects = {

/* Begin PBXBuildFile section */
		ABC348471DE2E1CF0078CE71 /* UITextField+Kit.m in Sources */ = {isa = PBXBuildFile; fileRef = ABC348461DE2E1CF0078CE71 /* UITextField+Kit.m */; };
		ABC3484A1DE2EE7C0078CE71 /* UIImageView+Kit.m in Sources */ = {isa = PBXBuildFile; fileRef = ABC348491DE2EE7C0078CE71 /* UIImageView+Kit.m */; };
		ABC3484D1DE2EF200078CE71 /* UITextView+Kit.m in Sources */ = {isa = PBXBuildFile; fileRef = ABC3484C1DE2EF200078CE71 /* UITextView+Kit.m */; };
		ABC348501DE2F6700078CE71 /* UIImage+Kit.m in Sources */ = {isa = PBXBuildFile; fileRef = ABC3484F1DE2F6700078CE71 /* UIImage+Kit.m */; };
		ABC348531DE3D4810078CE71 /* UIScrollView+Kit.m in Sources */ = {isa = PBXBuildFile; fileRef = ABC348521DE3D4810078CE71 /* UIScrollView+Kit.m */; };
		ABC348561DE3D6C40078CE71 /* UITableView+Kit.m in Sources */ = {isa = PBXBuildFile; fileRef = ABC348551DE3D6C40078CE71 /* UITableView+Kit.m */; };
		ABC348591DE40B6A0078CE71 /* UIColor+Kit.m in Sources */ = {isa = PBXBuildFile; fileRef = ABC348581DE40B6A0078CE71 /* UIColor+Kit.m */; };
		ABC3485C1DE40C4F0078CE71 /* UIDevice+Kit.m in Sources */ = {isa = PBXBuildFile; fileRef = ABC3485B1DE40C4F0078CE71 /* UIDevice+Kit.m */; };
		ABC348661DE40CBE0078CE71 /* NSDate+Kit.m in Sources */ = {isa = PBXBuildFile; fileRef = ABC3485F1DE40CBE0078CE71 /* NSDate+Kit.m */; };
		ABC348671DE40CBE0078CE71 /* NSMutableString+Kit.m in Sources */ = {isa = PBXBuildFile; fileRef = ABC348611DE40CBE0078CE71 /* NSMutableString+Kit.m */; };
		ABC348681DE40CBE0078CE71 /* NSObject+Kit.m in Sources */ = {isa = PBXBuildFile; fileRef = ABC348631DE40CBE0078CE71 /* NSObject+Kit.m */; };
		ABC348691DE40CBE0078CE71 /* NSString+Kit.m in Sources */ = {isa = PBXBuildFile; fileRef = ABC348651DE40CBE0078CE71 /* NSString+Kit.m */; };
		ABC3486C1DE40D0A0078CE71 /* NSTimer+Kit.m in Sources */ = {isa = PBXBuildFile; fileRef = ABC3486B1DE40D0A0078CE71 /* NSTimer+Kit.m */; };
		ABDFBE071DE2C85E00E62A11 /* main.m in Sources */ = {isa = PBXBuildFile; fileRef = ABDFBE061DE2C85E00E62A11 /* main.m */; };
		ABDFBE0A1DE2C85F00E62A11 /* AppDelegate.m in Sources */ = {isa = PBXBuildFile; fileRef = ABDFBE091DE2C85F00E62A11 /* AppDelegate.m */; };
		ABDFBE0D1DE2C85F00E62A11 /* ViewController.m in Sources */ = {isa = PBXBuildFile; fileRef = ABDFBE0C1DE2C85F00E62A11 /* ViewController.m */; };
		ABDFBE101DE2C85F00E62A11 /* Main.storyboard in Resources */ = {isa = PBXBuildFile; fileRef = ABDFBE0E1DE2C85F00E62A11 /* Main.storyboard */; };
		ABDFBE121DE2C85F00E62A11 /* Assets.xcassets in Resources */ = {isa = PBXBuildFile; fileRef = ABDFBE111DE2C85F00E62A11 /* Assets.xcassets */; };
		ABDFBE151DE2C85F00E62A11 /* LaunchScreen.storyboard in Resources */ = {isa = PBXBuildFile; fileRef = ABDFBE131DE2C85F00E62A11 /* LaunchScreen.storyboard */; };
		ABDFBE201DE2C85F00E62A11 /* UIKitTests.m in Sources */ = {isa = PBXBuildFile; fileRef = ABDFBE1F1DE2C85F00E62A11 /* UIKitTests.m */; };
		ABDFBE2B1DE2C85F00E62A11 /* UIKitUITests.m in Sources */ = {isa = PBXBuildFile; fileRef = ABDFBE2A1DE2C85F00E62A11 /* UIKitUITests.m */; };
		ABDFBE3B1DE2C89D00E62A11 /* UILabel+Kit.m in Sources */ = {isa = PBXBuildFile; fileRef = ABDFBE3A1DE2C89D00E62A11 /* UILabel+Kit.m */; };
		ABDFBE3E1DE2D30E00E62A11 /* UIButton+Kit.m in Sources */ = {isa = PBXBuildFile; fileRef = ABDFBE3D1DE2D30E00E62A11 /* UIButton+Kit.m */; };
/* End PBXBuildFile section */

/* Begin PBXContainerItemProxy section */
		ABDFBE1C1DE2C85F00E62A11 /* PBXContainerItemProxy */ = {
			isa = PBXContainerItemProxy;
			containerPortal = ABDFBDFA1DE2C85E00E62A11 /* Project object */;
			proxyType = 1;
			remoteGlobalIDString = ABDFBE011DE2C85E00E62A11;
			remoteInfo = UIKit;
		};
		ABDFBE271DE2C85F00E62A11 /* PBXContainerItemProxy */ = {
			isa = PBXContainerItemProxy;
			containerPortal = ABDFBDFA1DE2C85E00E62A11 /* Project object */;
			proxyType = 1;
			remoteGlobalIDString = ABDFBE011DE2C85E00E62A11;
			remoteInfo = UIKit;
		};
/* End PBXContainerItemProxy section */

/* Begin PBXFileReference section */
		ABC348451DE2E1CF0078CE71 /* UITextField+Kit.h */ = {isa = PBXFileReference; fileEncoding = 4; lastKnownFileType = sourcecode.c.h; path = "UITextField+Kit.h"; sourceTree = "<group>"; };
		ABC348461DE2E1CF0078CE71 /* UITextField+Kit.m */ = {isa = PBXFileReference; fileEncoding = 4; lastKnownFileType = sourcecode.c.objc; path = "UITextField+Kit.m"; sourceTree = "<group>"; };
		ABC348481DE2EE7C0078CE71 /* UIImageView+Kit.h */ = {isa = PBXFileReference; fileEncoding = 4; lastKnownFileType = sourcecode.c.h; path = "UIImageView+Kit.h"; sourceTree = "<group>"; };
		ABC348491DE2EE7C0078CE71 /* UIImageView+Kit.m */ = {isa = PBXFileReference; fileEncoding = 4; lastKnownFileType = sourcecode.c.objc; path = "UIImageView+Kit.m"; sourceTree = "<group>"; };
		ABC3484B1DE2EF200078CE71 /* UITextView+Kit.h */ = {isa = PBXFileReference; fileEncoding = 4; lastKnownFileType = sourcecode.c.h; path = "UITextView+Kit.h"; sourceTree = "<group>"; };
		ABC3484C1DE2EF200078CE71 /* UITextView+Kit.m */ = {isa = PBXFileReference; fileEncoding = 4; lastKnownFileType = sourcecode.c.objc; path = "UITextView+Kit.m"; sourceTree = "<group>"; };
		ABC3484E1DE2F6700078CE71 /* UIImage+Kit.h */ = {isa = PBXFileReference; fileEncoding = 4; lastKnownFileType = sourcecode.c.h; path = "UIImage+Kit.h"; sourceTree = "<group>"; };
		ABC3484F1DE2F6700078CE71 /* UIImage+Kit.m */ = {isa = PBXFileReference; fileEncoding = 4; lastKnownFileType = sourcecode.c.objc; path = "UIImage+Kit.m"; sourceTree = "<group>"; };
		ABC348511DE3D4810078CE71 /* UIScrollView+Kit.h */ = {isa = PBXFileReference; fileEncoding = 4; lastKnownFileType = sourcecode.c.h; path = "UIScrollView+Kit.h"; sourceTree = "<group>"; };
		ABC348521DE3D4810078CE71 /* UIScrollView+Kit.m */ = {isa = PBXFileReference; fileEncoding = 4; lastKnownFileType = sourcecode.c.objc; path = "UIScrollView+Kit.m"; sourceTree = "<group>"; };
		ABC348541DE3D6C40078CE71 /* UITableView+Kit.h */ = {isa = PBXFileReference; fileEncoding = 4; lastKnownFileType = sourcecode.c.h; path = "UITableView+Kit.h"; sourceTree = "<group>"; };
		ABC348551DE3D6C40078CE71 /* UITableView+Kit.m */ = {isa = PBXFileReference; fileEncoding = 4; lastKnownFileType = sourcecode.c.objc; path = "UITableView+Kit.m"; sourceTree = "<group>"; };
		ABC348571DE40B6A0078CE71 /* UIColor+Kit.h */ = {isa = PBXFileReference; fileEncoding = 4; lastKnownFileType = sourcecode.c.h; path = "UIColor+Kit.h"; sourceTree = "<group>"; };
		ABC348581DE40B6A0078CE71 /* UIColor+Kit.m */ = {isa = PBXFileReference; fileEncoding = 4; lastKnownFileType = sourcecode.c.objc; path = "UIColor+Kit.m"; sourceTree = "<group>"; };
		ABC3485A1DE40C4F0078CE71 /* UIDevice+Kit.h */ = {isa = PBXFileReference; fileEncoding = 4; lastKnownFileType = sourcecode.c.h; path = "UIDevice+Kit.h"; sourceTree = "<group>"; };
		ABC3485B1DE40C4F0078CE71 /* UIDevice+Kit.m */ = {isa = PBXFileReference; fileEncoding = 4; lastKnownFileType = sourcecode.c.objc; path = "UIDevice+Kit.m"; sourceTree = "<group>"; };
		ABC3485E1DE40CBE0078CE71 /* NSDate+Kit.h */ = {isa = PBXFileReference; fileEncoding = 4; lastKnownFileType = sourcecode.c.h; path = "NSDate+Kit.h"; sourceTree = "<group>"; };
		ABC3485F1DE40CBE0078CE71 /* NSDate+Kit.m */ = {isa = PBXFileReference; fileEncoding = 4; lastKnownFileType = sourcecode.c.objc; path = "NSDate+Kit.m"; sourceTree = "<group>"; };
		ABC348601DE40CBE0078CE71 /* NSMutableString+Kit.h */ = {isa = PBXFileReference; fileEncoding = 4; lastKnownFileType = sourcecode.c.h; path = "NSMutableString+Kit.h"; sourceTree = "<group>"; };
		ABC348611DE40CBE0078CE71 /* NSMutableString+Kit.m */ = {isa = PBXFileReference; fileEncoding = 4; lastKnownFileType = sourcecode.c.objc; path = "NSMutableString+Kit.m"; sourceTree = "<group>"; };
		ABC348621DE40CBE0078CE71 /* NSObject+Kit.h */ = {isa = PBXFileReference; fileEncoding = 4; lastKnownFileType = sourcecode.c.h; path = "NSObject+Kit.h"; sourceTree = "<group>"; };
		ABC348631DE40CBE0078CE71 /* NSObject+Kit.m */ = {isa = PBXFileReference; fileEncoding = 4; lastKnownFileType = sourcecode.c.objc; path = "NSObject+Kit.m"; sourceTree = "<group>"; };
		ABC348641DE40CBE0078CE71 /* NSString+Kit.h */ = {isa = PBXFileReference; fileEncoding = 4; lastKnownFileType = sourcecode.c.h; path = "NSString+Kit.h"; sourceTree = "<group>"; };
		ABC348651DE40CBE0078CE71 /* NSString+Kit.m */ = {isa = PBXFileReference; fileEncoding = 4; lastKnownFileType = sourcecode.c.objc; path = "NSString+Kit.m"; sourceTree = "<group>"; };
		ABC3486A1DE40D0A0078CE71 /* NSTimer+Kit.h */ = {isa = PBXFileReference; fileEncoding = 4; lastKnownFileType = sourcecode.c.h; path = "NSTimer+Kit.h"; sourceTree = "<group>"; };
		ABC3486B1DE40D0A0078CE71 /* NSTimer+Kit.m */ = {isa = PBXFileReference; fileEncoding = 4; lastKnownFileType = sourcecode.c.objc; path = "NSTimer+Kit.m"; sourceTree = "<group>"; };
		ABDFBE021DE2C85E00E62A11 /* UIKit.app */ = {isa = PBXFileReference; explicitFileType = wrapper.application; includeInIndex = 0; path = UIKit.app; sourceTree = BUILT_PRODUCTS_DIR; };
		ABDFBE061DE2C85E00E62A11 /* main.m */ = {isa = PBXFileReference; lastKnownFileType = sourcecode.c.objc; path = main.m; sourceTree = "<group>"; };
		ABDFBE081DE2C85E00E62A11 /* AppDelegate.h */ = {isa = PBXFileReference; lastKnownFileType = sourcecode.c.h; path = AppDelegate.h; sourceTree = "<group>"; };
		ABDFBE091DE2C85F00E62A11 /* AppDelegate.m */ = {isa = PBXFileReference; lastKnownFileType = sourcecode.c.objc; path = AppDelegate.m; sourceTree = "<group>"; };
		ABDFBE0B1DE2C85F00E62A11 /* ViewController.h */ = {isa = PBXFileReference; lastKnownFileType = sourcecode.c.h; path = ViewController.h; sourceTree = "<group>"; };
		ABDFBE0C1DE2C85F00E62A11 /* ViewController.m */ = {isa = PBXFileReference; lastKnownFileType = sourcecode.c.objc; path = ViewController.m; sourceTree = "<group>"; };
		ABDFBE0F1DE2C85F00E62A11 /* Base */ = {isa = PBXFileReference; lastKnownFileType = file.storyboard; name = Base; path = Base.lproj/Main.storyboard; sourceTree = "<group>"; };
		ABDFBE111DE2C85F00E62A11 /* Assets.xcassets */ = {isa = PBXFileReference; lastKnownFileType = folder.assetcatalog; path = Assets.xcassets; sourceTree = "<group>"; };
		ABDFBE141DE2C85F00E62A11 /* Base */ = {isa = PBXFileReference; lastKnownFileType = file.storyboard; name = Base; path = Base.lproj/LaunchScreen.storyboard; sourceTree = "<group>"; };
		ABDFBE161DE2C85F00E62A11 /* Info.plist */ = {isa = PBXFileReference; lastKnownFileType = text.plist.xml; path = Info.plist; sourceTree = "<group>"; };
		ABDFBE1B1DE2C85F00E62A11 /* UIKitTests.xctest */ = {isa = PBXFileReference; explicitFileType = wrapper.cfbundle; includeInIndex = 0; path = UIKitTests.xctest; sourceTree = BUILT_PRODUCTS_DIR; };
		ABDFBE1F1DE2C85F00E62A11 /* UIKitTests.m */ = {isa = PBXFileReference; lastKnownFileType = sourcecode.c.objc; path = UIKitTests.m; sourceTree = "<group>"; };
		ABDFBE211DE2C85F00E62A11 /* Info.plist */ = {isa = PBXFileReference; lastKnownFileType = text.plist.xml; path = Info.plist; sourceTree = "<group>"; };
		ABDFBE261DE2C85F00E62A11 /* UIKitUITests.xctest */ = {isa = PBXFileReference; explicitFileType = wrapper.cfbundle; includeInIndex = 0; path = UIKitUITests.xctest; sourceTree = BUILT_PRODUCTS_DIR; };
		ABDFBE2A1DE2C85F00E62A11 /* UIKitUITests.m */ = {isa = PBXFileReference; lastKnownFileType = sourcecode.c.objc; path = UIKitUITests.m; sourceTree = "<group>"; };
		ABDFBE2C1DE2C85F00E62A11 /* Info.plist */ = {isa = PBXFileReference; lastKnownFileType = text.plist.xml; path = Info.plist; sourceTree = "<group>"; };
		ABDFBE391DE2C89D00E62A11 /* UILabel+Kit.h */ = {isa = PBXFileReference; fileEncoding = 4; lastKnownFileType = sourcecode.c.h; path = "UILabel+Kit.h"; sourceTree = "<group>"; };
		ABDFBE3A1DE2C89D00E62A11 /* UILabel+Kit.m */ = {isa = PBXFileReference; fileEncoding = 4; lastKnownFileType = sourcecode.c.objc; path = "UILabel+Kit.m"; sourceTree = "<group>"; };
		ABDFBE3C1DE2D30E00E62A11 /* UIButton+Kit.h */ = {isa = PBXFileReference; fileEncoding = 4; lastKnownFileType = sourcecode.c.h; path = "UIButton+Kit.h"; sourceTree = "<group>"; };
		ABDFBE3D1DE2D30E00E62A11 /* UIButton+Kit.m */ = {isa = PBXFileReference; fileEncoding = 4; lastKnownFileType = sourcecode.c.objc; path = "UIButton+Kit.m"; sourceTree = "<group>"; };
/* End PBXFileReference section */

/* Begin PBXFrameworksBuildPhase section */
		ABDFBDFF1DE2C85E00E62A11 /* Frameworks */ = {
			isa = PBXFrameworksBuildPhase;
			buildActionMask = 2147483647;
			files = (
			);
			runOnlyForDeploymentPostprocessing = 0;
		};
		ABDFBE181DE2C85F00E62A11 /* Frameworks */ = {
			isa = PBXFrameworksBuildPhase;
			buildActionMask = 2147483647;
			files = (
			);
			runOnlyForDeploymentPostprocessing = 0;
		};
		ABDFBE231DE2C85F00E62A11 /* Frameworks */ = {
			isa = PBXFrameworksBuildPhase;
			buildActionMask = 2147483647;
			files = (
			);
			runOnlyForDeploymentPostprocessing = 0;
		};
/* End PBXFrameworksBuildPhase section */

/* Begin PBXGroup section */
		ABC3485D1DE40CB80078CE71 /* Founctions */ = {
			isa = PBXGroup;
			children = (
				ABC3486A1DE40D0A0078CE71 /* NSTimer+Kit.h */,
				ABC3486B1DE40D0A0078CE71 /* NSTimer+Kit.m */,
				ABC3485E1DE40CBE0078CE71 /* NSDate+Kit.h */,
				ABC3485F1DE40CBE0078CE71 /* NSDate+Kit.m */,
				ABC348601DE40CBE0078CE71 /* NSMutableString+Kit.h */,
				ABC348611DE40CBE0078CE71 /* NSMutableString+Kit.m */,
				ABC348621DE40CBE0078CE71 /* NSObject+Kit.h */,
				ABC348631DE40CBE0078CE71 /* NSObject+Kit.m */,
				ABC348641DE40CBE0078CE71 /* NSString+Kit.h */,
				ABC348651DE40CBE0078CE71 /* NSString+Kit.m */,
			);
			path = Founctions;
			sourceTree = "<group>";
		};
		ABDFBDF91DE2C85E00E62A11 = {
			isa = PBXGroup;
			children = (
				ABC3485D1DE40CB80078CE71 /* Founctions */,
				ABDFBE381DE2C88600E62A11 /* UIKits */,
				ABDFBE041DE2C85E00E62A11 /* UIKit */,
				ABDFBE1E1DE2C85F00E62A11 /* UIKitTests */,
				ABDFBE291DE2C85F00E62A11 /* UIKitUITests */,
				ABDFBE031DE2C85E00E62A11 /* Products */,
			);
			sourceTree = "<group>";
		};
		ABDFBE031DE2C85E00E62A11 /* Products */ = {
			isa = PBXGroup;
			children = (
				ABDFBE021DE2C85E00E62A11 /* UIKit.app */,
				ABDFBE1B1DE2C85F00E62A11 /* UIKitTests.xctest */,
				ABDFBE261DE2C85F00E62A11 /* UIKitUITests.xctest */,
			);
			name = Products;
			sourceTree = "<group>";
		};
		ABDFBE041DE2C85E00E62A11 /* UIKit */ = {
			isa = PBXGroup;
			children = (
				ABDFBE081DE2C85E00E62A11 /* AppDelegate.h */,
				ABDFBE091DE2C85F00E62A11 /* AppDelegate.m */,
				ABDFBE0B1DE2C85F00E62A11 /* ViewController.h */,
				ABDFBE0C1DE2C85F00E62A11 /* ViewController.m */,
				ABDFBE0E1DE2C85F00E62A11 /* Main.storyboard */,
				ABDFBE111DE2C85F00E62A11 /* Assets.xcassets */,
				ABDFBE131DE2C85F00E62A11 /* LaunchScreen.storyboard */,
				ABDFBE161DE2C85F00E62A11 /* Info.plist */,
				ABDFBE051DE2C85E00E62A11 /* Supporting Files */,
			);
			path = UIKit;
			sourceTree = "<group>";
		};
		ABDFBE051DE2C85E00E62A11 /* Supporting Files */ = {
			isa = PBXGroup;
			children = (
				ABDFBE061DE2C85E00E62A11 /* main.m */,
			);
			name = "Supporting Files";
			sourceTree = "<group>";
		};
		ABDFBE1E1DE2C85F00E62A11 /* UIKitTests */ = {
			isa = PBXGroup;
			children = (
				ABDFBE1F1DE2C85F00E62A11 /* UIKitTests.m */,
				ABDFBE211DE2C85F00E62A11 /* Info.plist */,
			);
			path = UIKitTests;
			sourceTree = "<group>";
		};
		ABDFBE291DE2C85F00E62A11 /* UIKitUITests */ = {
			isa = PBXGroup;
			children = (
				ABDFBE2A1DE2C85F00E62A11 /* UIKitUITests.m */,
				ABDFBE2C1DE2C85F00E62A11 /* Info.plist */,
			);
			path = UIKitUITests;
			sourceTree = "<group>";
		};
		ABDFBE381DE2C88600E62A11 /* UIKits */ = {
			isa = PBXGroup;
			children = (
				ABDFBE391DE2C89D00E62A11 /* UILabel+Kit.h */,
				ABDFBE3A1DE2C89D00E62A11 /* UILabel+Kit.m */,
				ABDFBE3C1DE2D30E00E62A11 /* UIButton+Kit.h */,
				ABDFBE3D1DE2D30E00E62A11 /* UIButton+Kit.m */,
				ABC348451DE2E1CF0078CE71 /* UITextField+Kit.h */,
				ABC348461DE2E1CF0078CE71 /* UITextField+Kit.m */,
				ABC348481DE2EE7C0078CE71 /* UIImageView+Kit.h */,
				ABC348491DE2EE7C0078CE71 /* UIImageView+Kit.m */,
				ABC3484B1DE2EF200078CE71 /* UITextView+Kit.h */,
				ABC3484C1DE2EF200078CE71 /* UITextView+Kit.m */,
				ABC3484E1DE2F6700078CE71 /* UIImage+Kit.h */,
				ABC3484F1DE2F6700078CE71 /* UIImage+Kit.m */,
				ABC348511DE3D4810078CE71 /* UIScrollView+Kit.h */,
				ABC348521DE3D4810078CE71 /* UIScrollView+Kit.m */,
				ABC348541DE3D6C40078CE71 /* UITableView+Kit.h */,
				ABC348551DE3D6C40078CE71 /* UITableView+Kit.m */,
				ABC348571DE40B6A0078CE71 /* UIColor+Kit.h */,
				ABC348581DE40B6A0078CE71 /* UIColor+Kit.m */,
				ABC3485A1DE40C4F0078CE71 /* UIDevice+Kit.h */,
				ABC3485B1DE40C4F0078CE71 /* UIDevice+Kit.m */,
			);
			path = UIKits;
			sourceTree = "<group>";
		};
/* End PBXGroup section */

/* Begin PBXNativeTarget section */
		ABDFBE011DE2C85E00E62A11 /* UIKit */ = {
			isa = PBXNativeTarget;
			buildConfigurationList = ABDFBE2F1DE2C85F00E62A11 /* Build configuration list for PBXNativeTarget "UIKit" */;
			buildPhases = (
				ABDFBDFE1DE2C85E00E62A11 /* Sources */,
				ABDFBDFF1DE2C85E00E62A11 /* Frameworks */,
				ABDFBE001DE2C85E00E62A11 /* Resources */,
			);
			buildRules = (
			);
			dependencies = (
			);
			name = UIKit;
			productName = UIKit;
			productReference = ABDFBE021DE2C85E00E62A11 /* UIKit.app */;
			productType = "com.apple.product-type.application";
		};
		ABDFBE1A1DE2C85F00E62A11 /* UIKitTests */ = {
			isa = PBXNativeTarget;
			buildConfigurationList = ABDFBE321DE2C85F00E62A11 /* Build configuration list for PBXNativeTarget "UIKitTests" */;
			buildPhases = (
				ABDFBE171DE2C85F00E62A11 /* Sources */,
				ABDFBE181DE2C85F00E62A11 /* Frameworks */,
				ABDFBE191DE2C85F00E62A11 /* Resources */,
			);
			buildRules = (
			);
			dependencies = (
				ABDFBE1D1DE2C85F00E62A11 /* PBXTargetDependency */,
			);
			name = UIKitTests;
			productName = UIKitTests;
			productReference = ABDFBE1B1DE2C85F00E62A11 /* UIKitTests.xctest */;
			productType = "com.apple.product-type.bundle.unit-test";
		};
		ABDFBE251DE2C85F00E62A11 /* UIKitUITests */ = {
			isa = PBXNativeTarget;
			buildConfigurationList = ABDFBE351DE2C85F00E62A11 /* Build configuration list for PBXNativeTarget "UIKitUITests" */;
			buildPhases = (
				ABDFBE221DE2C85F00E62A11 /* Sources */,
				ABDFBE231DE2C85F00E62A11 /* Frameworks */,
				ABDFBE241DE2C85F00E62A11 /* Resources */,
			);
			buildRules = (
			);
			dependencies = (
				ABDFBE281DE2C85F00E62A11 /* PBXTargetDependency */,
			);
			name = UIKitUITests;
			productName = UIKitUITests;
			productReference = ABDFBE261DE2C85F00E62A11 /* UIKitUITests.xctest */;
			productType = "com.apple.product-type.bundle.ui-testing";
		};
/* End PBXNativeTarget section */

/* Begin PBXProject section */
		ABDFBDFA1DE2C85E00E62A11 /* Project object */ = {
			isa = PBXProject;
			attributes = {
				LastUpgradeCheck = 0810;
				ORGANIZATIONNAME = lei;
				TargetAttributes = {
					ABDFBE011DE2C85E00E62A11 = {
						CreatedOnToolsVersion = 8.1;
						DevelopmentTeam = 4389847A29;
						ProvisioningStyle = Automatic;
					};
					ABDFBE1A1DE2C85F00E62A11 = {
						CreatedOnToolsVersion = 8.1;
						DevelopmentTeam = 4389847A29;
						ProvisioningStyle = Automatic;
						TestTargetID = ABDFBE011DE2C85E00E62A11;
					};
					ABDFBE251DE2C85F00E62A11 = {
						CreatedOnToolsVersion = 8.1;
						DevelopmentTeam = 4389847A29;
						ProvisioningStyle = Automatic;
						TestTargetID = ABDFBE011DE2C85E00E62A11;
					};
				};
			};
			buildConfigurationList = ABDFBDFD1DE2C85E00E62A11 /* Build configuration list for PBXProject "UIKit" */;
			compatibilityVersion = "Xcode 3.2";
			developmentRegion = English;
			hasScannedForEncodings = 0;
			knownRegions = (
				en,
				Base,
			);
			mainGroup = ABDFBDF91DE2C85E00E62A11;
			productRefGroup = ABDFBE031DE2C85E00E62A11 /* Products */;
			projectDirPath = "";
			projectRoot = "";
			targets = (
				ABDFBE011DE2C85E00E62A11 /* UIKit */,
				ABDFBE1A1DE2C85F00E62A11 /* UIKitTests */,
				ABDFBE251DE2C85F00E62A11 /* UIKitUITests */,
			);
		};
/* End PBXProject section */

/* Begin PBXResourcesBuildPhase section */
		ABDFBE001DE2C85E00E62A11 /* Resources */ = {
			isa = PBXResourcesBuildPhase;
			buildActionMask = 2147483647;
			files = (
				ABDFBE151DE2C85F00E62A11 /* LaunchScreen.storyboard in Resources */,
				ABDFBE121DE2C85F00E62A11 /* Assets.xcassets in Resources */,
				ABDFBE101DE2C85F00E62A11 /* Main.storyboard in Resources */,
			);
			runOnlyForDeploymentPostprocessing = 0;
		};
		ABDFBE191DE2C85F00E62A11 /* Resources */ = {
			isa = PBXResourcesBuildPhase;
			buildActionMask = 2147483647;
			files = (
			);
			runOnlyForDeploymentPostprocessing = 0;
		};
		ABDFBE241DE2C85F00E62A11 /* Resources */ = {
			isa = PBXResourcesBuildPhase;
			buildActionMask = 2147483647;
			files = (
			);
			runOnlyForDeploymentPostprocessing = 0;
		};
/* End PBXResourcesBuildPhase section */

/* Begin PBXSourcesBuildPhase section */
		ABDFBDFE1DE2C85E00E62A11 /* Sources */ = {
			isa = PBXSourcesBuildPhase;
			buildActionMask = 2147483647;
			files = (
				ABC348531DE3D4810078CE71 /* UIScrollView+Kit.m in Sources */,
				ABC3486C1DE40D0A0078CE71 /* NSTimer+Kit.m in Sources */,
				ABC348501DE2F6700078CE71 /* UIImage+Kit.m in Sources */,
				ABC3484A1DE2EE7C0078CE71 /* UIImageView+Kit.m in Sources */,
				ABC348691DE40CBE0078CE71 /* NSString+Kit.m in Sources */,
				ABC3485C1DE40C4F0078CE71 /* UIDevice+Kit.m in Sources */,
				ABC348681DE40CBE0078CE71 /* NSObject+Kit.m in Sources */,
				ABDFBE3E1DE2D30E00E62A11 /* UIButton+Kit.m in Sources */,
				ABC348591DE40B6A0078CE71 /* UIColor+Kit.m in Sources */,
				ABDFBE0D1DE2C85F00E62A11 /* ViewController.m in Sources */,
				ABC348561DE3D6C40078CE71 /* UITableView+Kit.m in Sources */,
				ABC348471DE2E1CF0078CE71 /* UITextField+Kit.m in Sources */,
				ABC348671DE40CBE0078CE71 /* NSMutableString+Kit.m in Sources */,
				ABC3484D1DE2EF200078CE71 /* UITextView+Kit.m in Sources */,
				ABDFBE3B1DE2C89D00E62A11 /* UILabel+Kit.m in Sources */,
				ABC348661DE40CBE0078CE71 /* NSDate+Kit.m in Sources */,
				ABDFBE0A1DE2C85F00E62A11 /* AppDelegate.m in Sources */,
				ABDFBE071DE2C85E00E62A11 /* main.m in Sources */,
			);
			runOnlyForDeploymentPostprocessing = 0;
		};
		ABDFBE171DE2C85F00E62A11 /* Sources */ = {
			isa = PBXSourcesBuildPhase;
			buildActionMask = 2147483647;
			files = (
				ABDFBE201DE2C85F00E62A11 /* UIKitTests.m in Sources */,
			);
			runOnlyForDeploymentPostprocessing = 0;
		};
		ABDFBE221DE2C85F00E62A11 /* Sources */ = {
			isa = PBXSourcesBuildPhase;
			buildActionMask = 2147483647;
			files = (
				ABDFBE2B1DE2C85F00E62A11 /* UIKitUITests.m in Sources */,
			);
			runOnlyForDeploymentPostprocessing = 0;
		};
/* End PBXSourcesBuildPhase section */

/* Begin PBXTargetDependency section */
		ABDFBE1D1DE2C85F00E62A11 /* PBXTargetDependency */ = {
			isa = PBXTargetDependency;
			target = ABDFBE011DE2C85E00E62A11 /* UIKit */;
			targetProxy = ABDFBE1C1DE2C85F00E62A11 /* PBXContainerItemProxy */;
		};
		ABDFBE281DE2C85F00E62A11 /* PBXTargetDependency */ = {
			isa = PBXTargetDependency;
			target = ABDFBE011DE2C85E00E62A11 /* UIKit */;
			targetProxy = ABDFBE271DE2C85F00E62A11 /* PBXContainerItemProxy */;
		};
/* End PBXTargetDependency section */

/* Begin PBXVariantGroup section */
		ABDFBE0E1DE2C85F00E62A11 /* Main.storyboard */ = {
			isa = PBXVariantGroup;
			children = (
				ABDFBE0F1DE2C85F00E62A11 /* Base */,
			);
			name = Main.storyboard;
			sourceTree = "<group>";
		};
		ABDFBE131DE2C85F00E62A11 /* LaunchScreen.storyboard */ = {
			isa = PBXVariantGroup;
			children = (
				ABDFBE141DE2C85F00E62A11 /* Base */,
			);
			name = LaunchScreen.storyboard;
			sourceTree = "<group>";
		};
/* End PBXVariantGroup section */

/* Begin XCBuildConfiguration section */
		ABDFBE2D1DE2C85F00E62A11 /* Debug */ = {
			isa = XCBuildConfiguration;
			buildSettings = {
				ALWAYS_SEARCH_USER_PATHS = NO;
				CLANG_ANALYZER_NONNULL = YES;
				CLANG_CXX_LANGUAGE_STANDARD = "gnu++0x";
				CLANG_CXX_LIBRARY = "libc++";
				CLANG_ENABLE_MODULES = YES;
				CLANG_ENABLE_OBJC_ARC = YES;
				CLANG_WARN_BOOL_CONVERSION = YES;
				CLANG_WARN_CONSTANT_CONVERSION = YES;
				CLANG_WARN_DIRECT_OBJC_ISA_USAGE = YES_ERROR;
				CLANG_WARN_DOCUMENTATION_COMMENTS = YES;
				CLANG_WARN_EMPTY_BODY = YES;
				CLANG_WARN_ENUM_CONVERSION = YES;
				CLANG_WARN_INFINITE_RECURSION = YES;
				CLANG_WARN_INT_CONVERSION = YES;
				CLANG_WARN_OBJC_ROOT_CLASS = YES_ERROR;
				CLANG_WARN_SUSPICIOUS_MOVES = YES;
				CLANG_WARN_UNREACHABLE_CODE = YES;
				CLANG_WARN__DUPLICATE_METHOD_MATCH = YES;
				"CODE_SIGN_IDENTITY[sdk=iphoneos*]" = "iPhone Developer";
				COPY_PHASE_STRIP = NO;
				DEBUG_INFORMATION_FORMAT = dwarf;
				ENABLE_STRICT_OBJC_MSGSEND = YES;
				ENABLE_TESTABILITY = YES;
				GCC_C_LANGUAGE_STANDARD = gnu99;
				GCC_DYNAMIC_NO_PIC = NO;
				GCC_NO_COMMON_BLOCKS = YES;
				GCC_OPTIMIZATION_LEVEL = 0;
				GCC_PREPROCESSOR_DEFINITIONS = (
					"DEBUG=1",
					"$(inherited)",
				);
				GCC_WARN_64_TO_32_BIT_CONVERSION = YES;
				GCC_WARN_ABOUT_RETURN_TYPE = YES_ERROR;
				GCC_WARN_UNDECLARED_SELECTOR = YES;
				GCC_WARN_UNINITIALIZED_AUTOS = YES_AGGRESSIVE;
				GCC_WARN_UNUSED_FUNCTION = YES;
				GCC_WARN_UNUSED_VARIABLE = YES;
				IPHONEOS_DEPLOYMENT_TARGET = 10.1;
				MTL_ENABLE_DEBUG_INFO = YES;
				ONLY_ACTIVE_ARCH = YES;
				SDKROOT = iphoneos;
			};
			name = Debug;
		};
		ABDFBE2E1DE2C85F00E62A11 /* Release */ = {
			isa = XCBuildConfiguration;
			buildSettings = {
				ALWAYS_SEARCH_USER_PATHS = NO;
				CLANG_ANALYZER_NONNULL = YES;
				CLANG_CXX_LANGUAGE_STANDARD = "gnu++0x";
				CLANG_CXX_LIBRARY = "libc++";
				CLANG_ENABLE_MODULES = YES;
				CLANG_ENABLE_OBJC_ARC = YES;
				CLANG_WARN_BOOL_CONVERSION = YES;
				CLANG_WARN_CONSTANT_CONVERSION = YES;
				CLANG_WARN_DIRECT_OBJC_ISA_USAGE = YES_ERROR;
				CLANG_WARN_DOCUMENTATION_COMMENTS = YES;
				CLANG_WARN_EMPTY_BODY = YES;
				CLANG_WARN_ENUM_CONVERSION = YES;
				CLANG_WARN_INFINITE_RECURSION = YES;
				CLANG_WARN_INT_CONVERSION = YES;
				CLANG_WARN_OBJC_ROOT_CLASS = YES_ERROR;
				CLANG_WARN_SUSPICIOUS_MOVES = YES;
				CLANG_WARN_UNREACHABLE_CODE = YES;
				CLANG_WARN__DUPLICATE_METHOD_MATCH = YES;
				"CODE_SIGN_IDENTITY[sdk=iphoneos*]" = "iPhone Developer";
				COPY_PHASE_STRIP = NO;
				DEBUG_INFORMATION_FORMAT = "dwarf-with-dsym";
				ENABLE_NS_ASSERTIONS = NO;
				ENABLE_STRICT_OBJC_MSGSEND = YES;
				GCC_C_LANGUAGE_STANDARD = gnu99;
				GCC_NO_COMMON_BLOCKS = YES;
				GCC_WARN_64_TO_32_BIT_CONVERSION = YES;
				GCC_WARN_ABOUT_RETURN_TYPE = YES_ERROR;
				GCC_WARN_UNDECLARED_SELECTOR = YES;
				GCC_WARN_UNINITIALIZED_AUTOS = YES_AGGRESSIVE;
				GCC_WARN_UNUSED_FUNCTION = YES;
				GCC_WARN_UNUSED_VARIABLE = YES;
				IPHONEOS_DEPLOYMENT_TARGET = 10.1;
				MTL_ENABLE_DEBUG_INFO = NO;
				SDKROOT = iphoneos;
				VALIDATE_PRODUCT = YES;
			};
			name = Release;
		};
		ABDFBE301DE2C85F00E62A11 /* Debug */ = {
			isa = XCBuildConfiguration;
			buildSettings = {
				ASSETCATALOG_COMPILER_APPICON_NAME = AppIcon;
				DEVELOPMENT_TEAM = 4389847A29;
				INFOPLIST_FILE = UIKit/Info.plist;
				IPHONEOS_DEPLOYMENT_TARGET = 8.0;
				LD_RUNPATH_SEARCH_PATHS = "$(inherited) @executable_path/Frameworks";
				PRODUCT_BUNDLE_IDENTIFIER = lei.UIKit;
				PRODUCT_NAME = "$(TARGET_NAME)";
			};
			name = Debug;
		};
		ABDFBE311DE2C85F00E62A11 /* Release */ = {
			isa = XCBuildConfiguration;
			buildSettings = {
				ASSETCATALOG_COMPILER_APPICON_NAME = AppIcon;
				DEVELOPMENT_TEAM = 4389847A29;
				INFOPLIST_FILE = UIKit/Info.plist;
				IPHONEOS_DEPLOYMENT_TARGET = 8.0;
				LD_RUNPATH_SEARCH_PATHS = "$(inherited) @executable_path/Frameworks";
				PRODUCT_BUNDLE_IDENTIFIER = lei.UIKit;
				PRODUCT_NAME = "$(TARGET_NAME)";
			};
			name = Release;
		};
		ABDFBE331DE2C85F00E62A11 /* Debug */ = {
			isa = XCBuildConfiguration;
			buildSettings = {
				BUNDLE_LOADER = "$(TEST_HOST)";
				DEVELOPMENT_TEAM = 4389847A29;
				INFOPLIST_FILE = UIKitTests/Info.plist;
				LD_RUNPATH_SEARCH_PATHS = "$(inherited) @executable_path/Frameworks @loader_path/Frameworks";
				PRODUCT_BUNDLE_IDENTIFIER = lei.UIKitTests;
				PRODUCT_NAME = "$(TARGET_NAME)";
				TEST_HOST = "$(BUILT_PRODUCTS_DIR)/UIKit.app/UIKit";
			};
			name = Debug;
		};
		ABDFBE341DE2C85F00E62A11 /* Release */ = {
			isa = XCBuildConfiguration;
			buildSettings = {
				BUNDLE_LOADER = "$(TEST_HOST)";
				DEVELOPMENT_TEAM = 4389847A29;
				INFOPLIST_FILE = UIKitTests/Info.plist;
				LD_RUNPATH_SEARCH_PATHS = "$(inherited) @executable_path/Frameworks @loader_path/Frameworks";
				PRODUCT_BUNDLE_IDENTIFIER = lei.UIKitTests;
				PRODUCT_NAME = "$(TARGET_NAME)";
				TEST_HOST = "$(BUILT_PRODUCTS_DIR)/UIKit.app/UIKit";
			};
			name = Release;
		};
		ABDFBE361DE2C85F00E62A11 /* Debug */ = {
			isa = XCBuildConfiguration;
			buildSettings = {
				DEVELOPMENT_TEAM = 4389847A29;
				INFOPLIST_FILE = UIKitUITests/Info.plist;
				LD_RUNPATH_SEARCH_PATHS = "$(inherited) @executable_path/Frameworks @loader_path/Frameworks";
				PRODUCT_BUNDLE_IDENTIFIER = lei.UIKitUITests;
				PRODUCT_NAME = "$(TARGET_NAME)";
				TEST_TARGET_NAME = UIKit;
			};
			name = Debug;
		};
		ABDFBE371DE2C85F00E62A11 /* Release */ = {
			isa = XCBuildConfiguration;
			buildSettings = {
				DEVELOPMENT_TEAM = 4389847A29;
				INFOPLIST_FILE = UIKitUITests/Info.plist;
				LD_RUNPATH_SEARCH_PATHS = "$(inherited) @executable_path/Frameworks @loader_path/Frameworks";
				PRODUCT_BUNDLE_IDENTIFIER = lei.UIKitUITests;
				PRODUCT_NAME = "$(TARGET_NAME)";
				TEST_TARGET_NAME = UIKit;
			};
			name = Release;
		};
/* End XCBuildConfiguration section */

/* Begin XCConfigurationList section */
		ABDFBDFD1DE2C85E00E62A11 /* Build configuration list for PBXProject "UIKit" */ = {
			isa = XCConfigurationList;
			buildConfigurations = (
				ABDFBE2D1DE2C85F00E62A11 /* Debug */,
				ABDFBE2E1DE2C85F00E62A11 /* Release */,
			);
			defaultConfigurationIsVisible = 0;
			defaultConfigurationName = Release;
		};
		ABDFBE2F1DE2C85F00E62A11 /* Build configuration list for PBXNativeTarget "UIKit" */ = {
			isa = XCConfigurationList;
			buildConfigurations = (
				ABDFBE301DE2C85F00E62A11 /* Debug */,
				ABDFBE311DE2C85F00E62A11 /* Release */,
			);
			defaultConfigurationIsVisible = 0;
			defaultConfigurationName = Release;
		};
		ABDFBE321DE2C85F00E62A11 /* Build configuration list for PBXNativeTarget "UIKitTests" */ = {
			isa = XCConfigurationList;
			buildConfigurations = (
				ABDFBE331DE2C85F00E62A11 /* Debug */,
				ABDFBE341DE2C85F00E62A11 /* Release */,
			);
			defaultConfigurationIsVisible = 0;
			defaultConfigurationName = Release;
		};
		ABDFBE351DE2C85F00E62A11 /* Build configuration list for PBXNativeTarget "UIKitUITests" */ = {
			isa = XCConfigurationList;
			buildConfigurations = (
				ABDFBE361DE2C85F00E62A11 /* Debug */,
				ABDFBE371DE2C85F00E62A11 /* Release */,
			);
			defaultConfigurationIsVisible = 0;
			defaultConfigurationName = Release;
		};
/* End XCConfigurationList section */
	};
	rootObject = ABDFBDFA1DE2C85E00E62A11 /* Project object */;
}
